
Microsoft Visual Studio Solution File, Format Version 12.00
# Visual Studio Version 17
VisualStudioVersion = 17.8.34525.116
MinimumVisualStudioVersion = 10.0.40219.1
Project("{FAE04EC0-301F-11D3-BF4B-00C04F79EFBC}") = "MarkdownRealisation", "MarkdownRealisation\MarkdownRealisation.csproj", "{6544DEC4-137F-4515-9AE5-D3C9C662963C}"
EndProject
Global
	GlobalSection(SolutionConfigurationPlatforms) = preSolution
		Debug|Any CPU = Debug|Any CPU
		Release|Any CPU = Release|Any CPU
	EndGlobalSection
	GlobalSection(ProjectConfigurationPlatforms) = postSolution
		{6544DEC4-137F-4515-9AE5-D3C9C662963C}.Debug|Any CPU.ActiveCfg = Debug|Any CPU
		{6544DEC4-137F-4515-9AE5-D3C9C662963C}.Debug|Any CPU.Build.0 = Debug|Any CPU
		{6544DEC4-137F-4515-9AE5-D3C9C662963C}.Release|Any CPU.ActiveCfg = Release|Any CPU
		{6544DEC4-137F-4515-9AE5-D3C9C662963C}.Release|Any CPU.Build.0 = Release|Any CPU
	EndGlobalSection
	GlobalSection(SolutionProperties) = preSolution
		HideSolutionNode = FALSE
	EndGlobalSection
	GlobalSection(ExtensibilityGlobals) = postSolution
		SolutionGuid = {16506232-3FB1-4AF3-A721-01B6250A05C0}
	EndGlobalSection
EndGlobal
